# THIS IS AN AUTOGENERATED FILE. DO NOT EDIT THIS FILE DIRECTLY.
# yarn lockfile v1


text-vide@^1.6.0:
  version "1.6.0"
  resolved "https://registry.yarnpkg.com/text-vide/-/text-vide-1.6.0.tgz#1d2164d32574b45b146643a9acd2ad4d3382e71f"
  integrity sha512-0Uyb7QMOSeSEtssMSOxls3F17HbMAzwstahJE0+57yBYuvUhRWRYDUZysgeGYE/qCPbB5f+7oDjShPn7nMVI1Q==
